
Microsoft Visual Studio Solution File, Format Version 12.00
# Visual Studio Version 17
VisualStudioVersion = 17.10.35013.160
MinimumVisualStudioVersion = 10.0.40219.1
Project("{FAE04EC0-301F-11D3-BF4B-00C04F79EFBC}") = "ConsoleApp3", "ConsoleApp3\ConsoleApp3.csproj", "{0B7E9D06-96AB-4675-AF01-7E79C46D0169}"
EndProject
Global
	GlobalSection(SolutionConfigurationPlatforms) = preSolution
		Debug|Any CPU = Debug|Any CPU
		Release|Any CPU = Release|Any CPU
	EndGlobalSection
	GlobalSection(ProjectConfigurationPlatforms) = postSolution
		{0B7E9D06-96AB-4675-AF01-7E79C46D0169}.Debug|Any CPU.ActiveCfg = Debug|Any CPU
		{0B7E9D06-96AB-4675-AF01-7E79C46D0169}.Debug|Any CPU.Build.0 = Debug|Any CPU
		{0B7E9D06-96AB-4675-AF01-7E79C46D0169}.Release|Any CPU.ActiveCfg = Release|Any CPU
		{0B7E9D06-96AB-4675-AF01-7E79C46D0169}.Release|Any CPU.Build.0 = Release|Any CPU
	EndGlobalSection
	GlobalSection(SolutionProperties) = preSolution
		HideSolutionNode = FALSE
	EndGlobalSection
	GlobalSection(ExtensibilityGlobals) = postSolution
		SolutionGuid = {2772C600-9362-40B2-A0EE-99E63E9D1822}
	EndGlobalSection
EndGlobal
